<?xml version="1.0" encoding="UTF-8"?>
<!DOCTYPE plist PUBLIC "-//Apple//DTD PLIST 1.0//EN" "http://www.apple.com/DTDs/PropertyList-1.0.dtd">
<plist version="1.0">
<dict>
	<key>archiveVersion</key>
	<string>1</string>
	<key>classes</key>
	<dict/>
	<key>objectVersion</key>
	<string>46</string>
	<key>objects</key>
	<dict>
		<key>07589D53553F56F9EFB3D5D8</key>
		<dict>
			<key>fileRef</key>
			<string>17077E87BB018D08D82840F9</string>
			<key>isa</key>
			<string>PBXBuildFile</string>
		</dict>
		<key>17077E87BB018D08D82840F9</key>
		<dict>
			<key>explicitFileType</key>
			<string>archive.ar</string>
			<key>includeInIndex</key>
			<string>0</string>
			<key>isa</key>
			<string>PBXFileReference</string>
			<key>path</key>
			<string>libPods.a</string>
			<key>sourceTree</key>
			<string>BUILT_PRODUCTS_DIR</string>
		</dict>
		<key>2CB8E38494CF704B42032A59</key>
		<dict>
			<key>includeInIndex</key>
			<string>1</string>
			<key>isa</key>
			<string>PBXFileReference</string>
			<key>lastKnownFileType</key>
			<string>text.xcconfig</string>
			<key>name</key>
			<string>Pods.debug.xcconfig</string>
			<key>path</key>
			<string>Pods/Target Support Files/Pods/Pods.debug.xcconfig</string>
			<key>sourceTree</key>
			<string>&lt;group&gt;</string>
		</dict>
		<key>8E9A39317336A08872FADE9C</key>
		<dict>
			<key>children</key>
			<array>
				<string>2CB8E38494CF704B42032A59</string>
				<string>ED6F30F6E3327DAD6C24D0B8</string>
			</array>
			<key>isa</key>
			<string>PBXGroup</string>
			<key>name</key>
			<string>Pods</string>
			<key>sourceTree</key>
			<string>&lt;group&gt;</string>
		</dict>
		<key>B347F9171A1488D6008C601A</key>
		<dict>
			<key>children</key>
			<array>
				<string>B347F9221A1488D6008C601A</string>
				<string>B347F94B1A148C78008C601A</string>
				<string>B347F9211A1488D6008C601A</string>
				<string>8E9A39317336A08872FADE9C</string>
			</array>
			<key>isa</key>
			<string>PBXGroup</string>
			<key>sourceTree</key>
			<string>&lt;group&gt;</string>
		</dict>
		<key>B347F9181A1488D6008C601A</key>
		<dict>
			<key>attributes</key>
			<dict>
				<key>LastUpgradeCheck</key>
				<string>0610</string>
				<key>ORGANIZATIONNAME</key>
				<string>Jecky</string>
				<key>TargetAttributes</key>
				<dict>
					<key>B347F91F1A1488D6008C601A</key>
					<dict>
						<key>CreatedOnToolsVersion</key>
						<string>6.1</string>
					</dict>
				</dict>
			</dict>
			<key>buildConfigurationList</key>
			<string>B347F91B1A1488D6008C601A</string>
			<key>compatibilityVersion</key>
			<string>Xcode 3.2</string>
			<key>developmentRegion</key>
			<string>English</string>
			<key>hasScannedForEncodings</key>
			<string>0</string>
			<key>isa</key>
			<string>PBXProject</string>
			<key>knownRegions</key>
			<array>
				<string>en</string>
				<string>Base</string>
			</array>
			<key>mainGroup</key>
			<string>B347F9171A1488D6008C601A</string>
			<key>productRefGroup</key>
			<string>B347F9211A1488D6008C601A</string>
			<key>projectDirPath</key>
			<string></string>
			<key>projectReferences</key>
			<array/>
			<key>projectRoot</key>
			<string></string>
			<key>targets</key>
			<array>
				<string>B347F91F1A1488D6008C601A</string>
			</array>
		</dict>
		<key>B347F91B1A1488D6008C601A</key>
		<dict>
			<key>buildConfigurations</key>
			<array>
				<string>B347F9411A1488D6008C601A</string>
				<string>B347F9421A1488D6008C601A</string>
			</array>
			<key>defaultConfigurationIsVisible</key>
			<string>0</string>
			<key>defaultConfigurationName</key>
			<string>Release</string>
			<key>isa</key>
			<string>XCConfigurationList</string>
		</dict>
		<key>B347F91C1A1488D6008C601A</key>
		<dict>
			<key>buildActionMask</key>
			<string>2147483647</string>
			<key>files</key>
			<array>
				<string>B347F92C1A1488D6008C601A</string>
				<string>B347F9291A1488D6008C601A</string>
				<string>B347F9261A1488D6008C601A</string>
				<string>B36B75E51A284A3E006101FE</string>
				<string>B347F9581A1495A7008C601A</string>
				<string>B347F9671A14DBCB008C601A</string>
				<string>B347F96A1A14DCB5008C601A</string>
			</array>
			<key>isa</key>
			<string>PBXSourcesBuildPhase</string>
			<key>runOnlyForDeploymentPostprocessing</key>
			<string>0</string>
		</dict>
		<key>B347F91D1A1488D6008C601A</key>
		<dict>
			<key>buildActionMask</key>
			<string>2147483647</string>
			<key>files</key>
			<array>
				<string>B347F9551A148CE3008C601A</string>
				<string>B347F9531A148CDC008C601A</string>
				<string>B347F9511A148CD2008C601A</string>
				<string>B347F94F1A148CCA008C601A</string>
				<string>B347F94D1A148CBB008C601A</string>
				<string>07589D53553F56F9EFB3D5D8</string>
			</array>
			<key>isa</key>
			<string>PBXFrameworksBuildPhase</string>
			<key>runOnlyForDeploymentPostprocessing</key>
			<string>0</string>
		</dict>
		<key>B347F91E1A1488D6008C601A</key>
		<dict>
			<key>buildActionMask</key>
			<string>2147483647</string>
			<key>files</key>
			<array>
				<string>B347F95A1A149690008C601A</string>
				<string>B347F95E1A14A815008C601A</string>
				<string>B347F9341A1488D6008C601A</string>
				<string>B347F9631A14B77D008C601A</string>
				<string>B347F9311A1488D6008C601A</string>
				<string>B347F9641A14B77D008C601A</string>
				<string>B347F9621A14B77D008C601A</string>
				<string>B347F95D1A14A815008C601A</string>
			</array>
			<key>isa</key>
			<string>PBXResourcesBuildPhase</string>
			<key>runOnlyForDeploymentPostprocessing</key>
			<string>0</string>
		</dict>
		<key>B347F91F1A1488D6008C601A</key>
		<dict>
			<key>buildConfigurationList</key>
			<string>B347F9431A1488D6008C601A</string>
			<key>buildPhases</key>
			<array>
				<string>C9D2E4801164A9AB3A6152A9</string>
				<string>B347F91C1A1488D6008C601A</string>
				<string>B347F91D1A1488D6008C601A</string>
				<string>B347F91E1A1488D6008C601A</string>
				<string>BCCDCFA2098067C6B9AEC5DE</string>
			</array>
			<key>buildRules</key>
			<array/>
			<key>dependencies</key>
			<array/>
			<key>isa</key>
			<string>PBXNativeTarget</string>
			<key>name</key>
			<string>MapKitDemo</string>
			<key>productName</key>
			<string>MapKitDemo</string>
			<key>productReference</key>
			<string>B347F9201A1488D6008C601A</string>
			<key>productType</key>
			<string>com.apple.product-type.application</string>
		</dict>
		<key>B347F9201A1488D6008C601A</key>
		<dict>
			<key>explicitFileType</key>
			<string>wrapper.application</string>
			<key>includeInIndex</key>
			<string>0</string>
			<key>isa</key>
			<string>PBXFileReference</string>
			<key>path</key>
			<string>MapKitDemo.app</string>
			<key>sourceTree</key>
			<string>BUILT_PRODUCTS_DIR</string>
		</dict>
		<key>B347F9211A1488D6008C601A</key>
		<dict>
			<key>children</key>
			<array>
				<string>B347F9201A1488D6008C601A</string>
			</array>
			<key>isa</key>
			<string>PBXGroup</string>
			<key>name</key>
			<string>Products</string>
			<key>sourceTree</key>
			<string>&lt;group&gt;</string>
		</dict>
		<key>B347F9221A1488D6008C601A</key>
		<dict>
			<key>children</key>
			<array>
				<string>B36B75E41A284A3E006101FE</string>
				<string>B347F9271A1488D6008C601A</string>
				<string>B347F9281A1488D6008C601A</string>
				<string>B347F92A1A1488D6008C601A</string>
				<string>B347F92B1A1488D6008C601A</string>
				<string>B347F9651A14DBCB008C601A</string>
				<string>B347F9661A14DBCB008C601A</string>
				<string>B347F9561A1495A7008C601A</string>
				<string>B347F9571A1495A7008C601A</string>
				<string>B347F9681A14DCB5008C601A</string>
				<string>B347F9691A14DCB5008C601A</string>
				<string>B347F9591A149690008C601A</string>
				<string>B347F95B1A14A815008C601A</string>
				<string>B347F95C1A14A815008C601A</string>
				<string>B347F95F1A14B77D008C601A</string>
				<string>B347F9601A14B77D008C601A</string>
				<string>B347F9611A14B77D008C601A</string>
				<string>B347F9301A1488D6008C601A</string>
				<string>B347F9321A1488D6008C601A</string>
				<string>B347F9231A1488D6008C601A</string>
			</array>
			<key>isa</key>
			<string>PBXGroup</string>
			<key>path</key>
			<string>MapKitDemo</string>
			<key>sourceTree</key>
			<string>&lt;group&gt;</string>
		</dict>
		<key>B347F9231A1488D6008C601A</key>
		<dict>
			<key>children</key>
			<array>
				<string>B347F9241A1488D6008C601A</string>
				<string>B347F9251A1488D6008C601A</string>
				<string>B347F94A1A148AF4008C601A</string>
			</array>
			<key>isa</key>
			<string>PBXGroup</string>
			<key>name</key>
			<string>Supporting Files</string>
			<key>sourceTree</key>
			<string>&lt;group&gt;</string>
		</dict>
		<key>B347F9241A1488D6008C601A</key>
		<dict>
			<key>isa</key>
			<string>PBXFileReference</string>
			<key>lastKnownFileType</key>
			<string>text.plist.xml</string>
			<key>path</key>
			<string>Info.plist</string>
			<key>sourceTree</key>
			<string>&lt;group&gt;</string>
		</dict>
		<key>B347F9251A1488D6008C601A</key>
		<dict>
			<key>isa</key>
			<string>PBXFileReference</string>
			<key>lastKnownFileType</key>
			<string>sourcecode.c.objc</string>
			<key>path</key>
			<string>main.m</string>
			<key>sourceTree</key>
			<string>&lt;group&gt;</string>
		</dict>
		<key>B347F9261A1488D6008C601A</key>
		<dict>
			<key>fileRef</key>
			<string>B347F9251A1488D6008C601A</string>
			<key>isa</key>
			<string>PBXBuildFile</string>
		</dict>
		<key>B347F9271A1488D6008C601A</key>
		<dict>
			<key>isa</key>
			<string>PBXFileReference</string>
			<key>lastKnownFileType</key>
			<string>sourcecode.c.h</string>
			<key>path</key>
			<string>AppDelegate.h</string>
			<key>sourceTree</key>
			<string>&lt;group&gt;</string>
		</dict>
		<key>B347F9281A1488D6008C601A</key>
		<dict>
			<key>isa</key>
			<string>PBXFileReference</string>
			<key>lastKnownFileType</key>
			<string>sourcecode.c.objc</string>
			<key>path</key>
			<string>AppDelegate.m</string>
			<key>sourceTree</key>
			<string>&lt;group&gt;</string>
		</dict>
		<key>B347F9291A1488D6008C601A</key>
		<dict>
			<key>fileRef</key>
			<string>B347F9281A1488D6008C601A</string>
			<key>isa</key>
			<string>PBXBuildFile</string>
		</dict>
		<key>B347F92A1A1488D6008C601A</key>
		<dict>
			<key>isa</key>
			<string>PBXFileReference</string>
			<key>lastKnownFileType</key>
			<string>sourcecode.c.h</string>
			<key>path</key>
			<string>ViewController.h</string>
			<key>sourceTree</key>
			<string>&lt;group&gt;</string>
		</dict>
		<key>B347F92B1A1488D6008C601A</key>
		<dict>
			<key>isa</key>
			<string>PBXFileReference</string>
			<key>lastKnownFileType</key>
			<string>sourcecode.c.objc</string>
			<key>path</key>
			<string>ViewController.m</string>
			<key>sourceTree</key>
			<string>&lt;group&gt;</string>
		</dict>
		<key>B347F92C1A1488D6008C601A</key>
		<dict>
			<key>fileRef</key>
			<string>B347F92B1A1488D6008C601A</string>
			<key>isa</key>
			<string>PBXBuildFile</string>
		</dict>
		<key>B347F9301A1488D6008C601A</key>
		<dict>
			<key>isa</key>
			<string>PBXFileReference</string>
			<key>lastKnownFileType</key>
			<string>folder.assetcatalog</string>
			<key>path</key>
			<string>Images.xcassets</string>
			<key>sourceTree</key>
			<string>&lt;group&gt;</string>
		</dict>
		<key>B347F9311A1488D6008C601A</key>
		<dict>
			<key>fileRef</key>
			<string>B347F9301A1488D6008C601A</string>
			<key>isa</key>
			<string>PBXBuildFile</string>
		</dict>
		<key>B347F9321A1488D6008C601A</key>
		<dict>
			<key>children</key>
			<array>
				<string>B347F9331A1488D6008C601A</string>
			</array>
			<key>isa</key>
			<string>PBXVariantGroup</string>
			<key>name</key>
			<string>LaunchScreen.xib</string>
			<key>sourceTree</key>
			<string>&lt;group&gt;</string>
		</dict>
		<key>B347F9331A1488D6008C601A</key>
		<dict>
			<key>isa</key>
			<string>PBXFileReference</string>
			<key>lastKnownFileType</key>
			<string>file.xib</string>
			<key>name</key>
			<string>Base</string>
			<key>path</key>
			<string>Base.lproj/LaunchScreen.xib</string>
			<key>sourceTree</key>
			<string>&lt;group&gt;</string>
		</dict>
		<key>B347F9341A1488D6008C601A</key>
		<dict>
			<key>fileRef</key>
			<string>B347F9321A1488D6008C601A</string>
			<key>isa</key>
			<string>PBXBuildFile</string>
		</dict>
		<key>B347F9411A1488D6008C601A</key>
		<dict>
			<key>buildSettings</key>
			<dict>
				<key>ALWAYS_SEARCH_USER_PATHS</key>
				<string>NO</string>
				<key>CLANG_CXX_LANGUAGE_STANDARD</key>
				<string>gnu++0x</string>
				<key>CLANG_CXX_LIBRARY</key>
				<string>libc++</string>
				<key>CLANG_ENABLE_MODULES</key>
				<string>YES</string>
				<key>CLANG_ENABLE_OBJC_ARC</key>
				<string>YES</string>
				<key>CLANG_WARN_BOOL_CONVERSION</key>
				<string>YES</string>
				<key>CLANG_WARN_CONSTANT_CONVERSION</key>
				<string>YES</string>
				<key>CLANG_WARN_DIRECT_OBJC_ISA_USAGE</key>
				<string>YES_ERROR</string>
				<key>CLANG_WARN_EMPTY_BODY</key>
				<string>YES</string>
				<key>CLANG_WARN_ENUM_CONVERSION</key>
				<string>YES</string>
				<key>CLANG_WARN_INT_CONVERSION</key>
				<string>YES</string>
				<key>CLANG_WARN_OBJC_ROOT_CLASS</key>
				<string>YES_ERROR</string>
				<key>CLANG_WARN_UNREACHABLE_CODE</key>
				<string>YES</string>
				<key>CLANG_WARN__DUPLICATE_METHOD_MATCH</key>
				<string>YES</string>
				<key>CODE_SIGN_IDENTITY[sdk=iphoneos*]</key>
				<string>iPhone Developer</string>
				<key>COPY_PHASE_STRIP</key>
				<string>NO</string>
				<key>ENABLE_STRICT_OBJC_MSGSEND</key>
				<string>YES</string>
				<key>GCC_C_LANGUAGE_STANDARD</key>
				<string>gnu99</string>
				<key>GCC_DYNAMIC_NO_PIC</key>
				<string>NO</string>
				<key>GCC_OPTIMIZATION_LEVEL</key>
				<string>0</string>
				<key>GCC_PREPROCESSOR_DEFINITIONS</key>
				<array>
					<string>DEBUG=1</string>
					<string>$(inherited)</string>
				</array>
				<key>GCC_SYMBOLS_PRIVATE_EXTERN</key>
				<string>NO</string>
				<key>GCC_WARN_64_TO_32_BIT_CONVERSION</key>
				<string>YES</string>
				<key>GCC_WARN_ABOUT_RETURN_TYPE</key>
				<string>YES_ERROR</string>
				<key>GCC_WARN_UNDECLARED_SELECTOR</key>
				<string>YES</string>
				<key>GCC_WARN_UNINITIALIZED_AUTOS</key>
				<string>YES_AGGRESSIVE</string>
				<key>GCC_WARN_UNUSED_FUNCTION</key>
				<string>YES</string>
				<key>GCC_WARN_UNUSED_VARIABLE</key>
				<string>YES</string>
				<key>IPHONEOS_DEPLOYMENT_TARGET</key>
				<string>8.1</string>
				<key>MTL_ENABLE_DEBUG_INFO</key>
				<string>YES</string>
				<key>ONLY_ACTIVE_ARCH</key>
				<string>YES</string>
				<key>SDKROOT</key>
				<string>iphoneos</string>
			</dict>
			<key>isa</key>
			<string>XCBuildConfiguration</string>
			<key>name</key>
			<string>Debug</string>
		</dict>
		<key>B347F9421A1488D6008C601A</key>
		<dict>
			<key>buildSettings</key>
			<dict>
				<key>ALWAYS_SEARCH_USER_PATHS</key>
				<string>NO</string>
				<key>CLANG_CXX_LANGUAGE_STANDARD</key>
				<string>gnu++0x</string>
				<key>CLANG_CXX_LIBRARY</key>
				<string>libc++</string>
				<key>CLANG_ENABLE_MODULES</key>
				<string>YES</string>
				<key>CLANG_ENABLE_OBJC_ARC</key>
				<string>YES</string>
				<key>CLANG_WARN_BOOL_CONVERSION</key>
				<string>YES</string>
				<key>CLANG_WARN_CONSTANT_CONVERSION</key>
				<string>YES</string>
				<key>CLANG_WARN_DIRECT_OBJC_ISA_USAGE</key>
				<string>YES_ERROR</string>
				<key>CLANG_WARN_EMPTY_BODY</key>
				<string>YES</string>
				<key>CLANG_WARN_ENUM_CONVERSION</key>
				<string>YES</string>
				<key>CLANG_WARN_INT_CONVERSION</key>
				<string>YES</string>
				<key>CLANG_WARN_OBJC_ROOT_CLASS</key>
				<string>YES_ERROR</string>
				<key>CLANG_WARN_UNREACHABLE_CODE</key>
				<string>YES</string>
				<key>CLANG_WARN__DUPLICATE_METHOD_MATCH</key>
				<string>YES</string>
				<key>CODE_SIGN_IDENTITY[sdk=iphoneos*]</key>
				<string>iPhone Developer</string>
				<key>COPY_PHASE_STRIP</key>
				<string>YES</string>
				<key>ENABLE_NS_ASSERTIONS</key>
				<string>NO</string>
				<key>ENABLE_STRICT_OBJC_MSGSEND</key>
				<string>YES</string>
				<key>GCC_C_LANGUAGE_STANDARD</key>
				<string>gnu99</string>
				<key>GCC_WARN_64_TO_32_BIT_CONVERSION</key>
				<string>YES</string>
				<key>GCC_WARN_ABOUT_RETURN_TYPE</key>
				<string>YES_ERROR</string>
				<key>GCC_WARN_UNDECLARED_SELECTOR</key>
				<string>YES</string>
				<key>GCC_WARN_UNINITIALIZED_AUTOS</key>
				<string>YES_AGGRESSIVE</string>
				<key>GCC_WARN_UNUSED_FUNCTION</key>
				<string>YES</string>
				<key>GCC_WARN_UNUSED_VARIABLE</key>
				<string>YES</string>
				<key>IPHONEOS_DEPLOYMENT_TARGET</key>
				<string>8.1</string>
				<key>MTL_ENABLE_DEBUG_INFO</key>
				<string>NO</string>
				<key>SDKROOT</key>
				<string>iphoneos</string>
				<key>VALIDATE_PRODUCT</key>
				<string>YES</string>
			</dict>
			<key>isa</key>
			<string>XCBuildConfiguration</string>
			<key>name</key>
			<string>Release</string>
		</dict>
		<key>B347F9431A1488D6008C601A</key>
		<dict>
			<key>buildConfigurations</key>
			<array>
				<string>B347F9441A1488D6008C601A</string>
				<string>B347F9451A1488D6008C601A</string>
			</array>
			<key>defaultConfigurationIsVisible</key>
			<string>0</string>
			<key>defaultConfigurationName</key>
			<string>Release</string>
			<key>isa</key>
			<string>XCConfigurationList</string>
		</dict>
		<key>B347F9441A1488D6008C601A</key>
		<dict>
			<key>baseConfigurationReference</key>
			<string>2CB8E38494CF704B42032A59</string>
			<key>buildSettings</key>
			<dict>
				<key>ASSETCATALOG_COMPILER_APPICON_NAME</key>
				<string>AppIcon</string>
				<key>CODE_SIGN_IDENTITY[sdk=iphoneos*]</key>
				<string></string>
				<key>GCC_PRECOMPILE_PREFIX_HEADER</key>
				<string>YES</string>
				<key>GCC_PREFIX_HEADER</key>
				<string>MapKitDemo/MapKitDemo-Prefix.pch</string>
				<key>INFOPLIST_FILE</key>
				<string>MapKitDemo/Info.plist</string>
				<key>LD_RUNPATH_SEARCH_PATHS</key>
				<string>$(inherited) @executable_path/Frameworks</string>
				<key>ONLY_ACTIVE_ARCH</key>
				<string>YES</string>
				<key>PRODUCT_NAME</key>
				<string>$(TARGET_NAME)</string>
				<key>PROVISIONING_PROFILE</key>
				<string>e14f3960-f178-4bc6-a4bc-10cae0a94847</string>
			</dict>
			<key>isa</key>
			<string>XCBuildConfiguration</string>
			<key>name</key>
			<string>Debug</string>
		</dict>
		<key>B347F9451A1488D6008C601A</key>
		<dict>
			<key>baseConfigurationReference</key>
			<string>ED6F30F6E3327DAD6C24D0B8</string>
			<key>buildSettings</key>
			<dict>
				<key>ASSETCATALOG_COMPILER_APPICON_NAME</key>
				<string>AppIcon</string>
				<key>GCC_PRECOMPILE_PREFIX_HEADER</key>
				<string>YES</string>
				<key>GCC_PREFIX_HEADER</key>
				<string>MapKitDemo/MapKitDemo-Prefix.pch</string>
				<key>INFOPLIST_FILE</key>
				<string>MapKitDemo/Info.plist</string>
				<key>LD_RUNPATH_SEARCH_PATHS</key>
				<string>$(inherited) @executable_path/Frameworks</string>
				<key>PRODUCT_NAME</key>
				<string>$(TARGET_NAME)</string>
				<key>PROVISIONING_PROFILE</key>
				<string>e14f3960-f178-4bc6-a4bc-10cae0a94847</string>
			</dict>
			<key>isa</key>
			<string>XCBuildConfiguration</string>
			<key>name</key>
			<string>Release</string>
		</dict>
		<key>B347F94A1A148AF4008C601A</key>
		<dict>
			<key>isa</key>
			<string>PBXFileReference</string>
			<key>lastKnownFileType</key>
			<string>sourcecode.c.h</string>
			<key>path</key>
			<string>MapKitDemo-Prefix.pch</string>
			<key>sourceTree</key>
			<string>&lt;group&gt;</string>
		</dict>
		<key>B347F94B1A148C78008C601A</key>
		<dict>
			<key>children</key>
			<array>
				<string>B347F9541A148CE3008C601A</string>
				<string>B347F9521A148CDC008C601A</string>
				<string>B347F9501A148CD2008C601A</string>
				<string>B347F94E1A148CCA008C601A</string>
				<string>B347F94C1A148CBB008C601A</string>
				<string>17077E87BB018D08D82840F9</string>
			</array>
			<key>isa</key>
			<string>PBXGroup</string>
			<key>name</key>
			<string>Frameworks</string>
			<key>sourceTree</key>
			<string>&lt;group&gt;</string>
		</dict>
		<key>B347F94C1A148CBB008C601A</key>
		<dict>
			<key>isa</key>
			<string>PBXFileReference</string>
			<key>lastKnownFileType</key>
			<string>wrapper.framework</string>
			<key>name</key>
			<string>UIKit.framework</string>
			<key>path</key>
			<string>System/Library/Frameworks/UIKit.framework</string>
			<key>sourceTree</key>
			<string>SDKROOT</string>
		</dict>
		<key>B347F94D1A148CBB008C601A</key>
		<dict>
			<key>fileRef</key>
			<string>B347F94C1A148CBB008C601A</string>
			<key>isa</key>
			<string>PBXBuildFile</string>
		</dict>
		<key>B347F94E1A148CCA008C601A</key>
		<dict>
			<key>isa</key>
			<string>PBXFileReference</string>
			<key>lastKnownFileType</key>
			<string>wrapper.framework</string>
			<key>name</key>
			<string>CoreLocation.framework</string>
			<key>path</key>
			<string>System/Library/Frameworks/CoreLocation.framework</string>
			<key>sourceTree</key>
			<string>SDKROOT</string>
		</dict>
		<key>B347F94F1A148CCA008C601A</key>
		<dict>
			<key>fileRef</key>
			<string>B347F94E1A148CCA008C601A</string>
			<key>isa</key>
			<string>PBXBuildFile</string>
		</dict>
		<key>B347F9501A148CD2008C601A</key>
		<dict>
			<key>isa</key>
			<string>PBXFileReference</string>
			<key>lastKnownFileType</key>
			<string>wrapper.framework</string>
			<key>name</key>
			<string>CoreGraphics.framework</string>
			<key>path</key>
			<string>System/Library/Frameworks/CoreGraphics.framework</string>
			<key>sourceTree</key>
			<string>SDKROOT</string>
		</dict>
		<key>B347F9511A148CD2008C601A</key>
		<dict>
			<key>fileRef</key>
			<string>B347F9501A148CD2008C601A</string>
			<key>isa</key>
			<string>PBXBuildFile</string>
		</dict>
		<key>B347F9521A148CDC008C601A</key>
		<dict>
			<key>isa</key>
			<string>PBXFileReference</string>
			<key>lastKnownFileType</key>
			<string>wrapper.framework</string>
			<key>name</key>
			<string>Foundation.framework</string>
			<key>path</key>
			<string>System/Library/Frameworks/Foundation.framework</string>
			<key>sourceTree</key>
			<string>SDKROOT</string>
		</dict>
		<key>B347F9531A148CDC008C601A</key>
		<dict>
			<key>fileRef</key>
			<string>B347F9521A148CDC008C601A</string>
			<key>isa</key>
			<string>PBXBuildFile</string>
		</dict>
		<key>B347F9541A148CE3008C601A</key>
		<dict>
			<key>isa</key>
			<string>PBXFileReference</string>
			<key>lastKnownFileType</key>
			<string>wrapper.framework</string>
			<key>name</key>
			<string>MapKit.framework</string>
			<key>path</key>
			<string>System/Library/Frameworks/MapKit.framework</string>
			<key>sourceTree</key>
			<string>SDKROOT</string>
		</dict>
		<key>B347F9551A148CE3008C601A</key>
		<dict>
			<key>fileRef</key>
			<string>B347F9541A148CE3008C601A</string>
			<key>isa</key>
			<string>PBXBuildFile</string>
		</dict>
		<key>B347F9561A1495A7008C601A</key>
		<dict>
			<key>fileEncoding</key>
			<string>4</string>
			<key>isa</key>
			<string>PBXFileReference</string>
			<key>lastKnownFileType</key>
			<string>sourcecode.c.h</string>
			<key>path</key>
			<string>RunData.h</string>
			<key>sourceTree</key>
			<string>&lt;group&gt;</string>
		</dict>
		<key>B347F9571A1495A7008C601A</key>
		<dict>
			<key>fileEncoding</key>
			<string>4</string>
			<key>isa</key>
			<string>PBXFileReference</string>
			<key>lastKnownFileType</key>
			<string>sourcecode.c.objc</string>
			<key>path</key>
			<string>RunData.m</string>
			<key>sourceTree</key>
			<string>&lt;group&gt;</string>
		</dict>
		<key>B347F9581A1495A7008C601A</key>
		<dict>
			<key>fileRef</key>
			<string>B347F9571A1495A7008C601A</string>
			<key>isa</key>
			<string>PBXBuildFile</string>
		</dict>
		<key>B347F9591A149690008C601A</key>
		<dict>
			<key>isa</key>
			<string>PBXFileReference</string>
			<key>lastKnownFileType</key>
			<string>image.png</string>
			<key>path</key>
			<string>bg_run_info@2x.png</string>
			<key>sourceTree</key>
			<string>&lt;group&gt;</string>
		</dict>
		<key>B347F95A1A149690008C601A</key>
		<dict>
			<key>fileRef</key>
			<string>B347F9591A149690008C601A</string>
			<key>isa</key>
			<string>PBXBuildFile</string>
		</dict>
		<key>B347F95B1A14A815008C601A</key>
		<dict>
			<key>isa</key>
			<string>PBXFileReference</string>
			<key>lastKnownFileType</key>
			<string>image.png</string>
			<key>path</key>
			<string>btn_fix_nor@2x.png</string>
			<key>sourceTree</key>
			<string>&lt;group&gt;</string>
		</dict>
		<key>B347F95C1A14A815008C601A</key>
		<dict>
			<key>isa</key>
			<string>PBXFileReference</string>
			<key>lastKnownFileType</key>
			<string>image.png</string>
			<key>path</key>
			<string>btn_fix_press@2x.png</string>
			<key>sourceTree</key>
			<string>&lt;group&gt;</string>
		</dict>
		<key>B347F95D1A14A815008C601A</key>
		<dict>
			<key>fileRef</key>
			<string>B347F95B1A14A815008C601A</string>
			<key>isa</key>
			<string>PBXBuildFile</string>
		</dict>
		<key>B347F95E1A14A815008C601A</key>
		<dict>
			<key>fileRef</key>
			<string>B347F95C1A14A815008C601A</string>
			<key>isa</key>
			<string>PBXBuildFile</string>
		</dict>
		<key>B347F95F1A14B77D008C601A</key>
		<dict>
			<key>isa</key>
			<string>PBXFileReference</string>
			<key>lastKnownFileType</key>
			<string>image.png</string>
			<key>path</key>
			<string>bg_run_end_point@2x.png</string>
			<key>sourceTree</key>
			<string>&lt;group&gt;</string>
		</dict>
		<key>B347F9601A14B77D008C601A</key>
		<dict>
			<key>isa</key>
			<string>PBXFileReference</string>
			<key>lastKnownFileType</key>
			<string>image.png</string>
			<key>path</key>
			<string>bg_run_start_point@2x.png</string>
			<key>sourceTree</key>
			<string>&lt;group&gt;</string>
		</dict>
		<key>B347F9611A14B77D008C601A</key>
		<dict>
			<key>isa</key>
			<string>PBXFileReference</string>
			<key>lastKnownFileType</key>
			<string>image.png</string>
			<key>path</key>
			<string>bg_run_inter_point@2x.png</string>
			<key>sourceTree</key>
			<string>&lt;group&gt;</string>
		</dict>
		<key>B347F9621A14B77D008C601A</key>
		<dict>
			<key>fileRef</key>
			<string>B347F95F1A14B77D008C601A</string>
			<key>isa</key>
			<string>PBXBuildFile</string>
		</dict>
		<key>B347F9631A14B77D008C601A</key>
		<dict>
			<key>fileRef</key>
			<string>B347F9601A14B77D008C601A</string>
			<key>isa</key>
			<string>PBXBuildFile</string>
		</dict>
		<key>B347F9641A14B77D008C601A</key>
		<dict>
			<key>fileRef</key>
			<string>B347F9611A14B77D008C601A</string>
			<key>isa</key>
			<string>PBXBuildFile</string>
		</dict>
		<key>B347F9651A14DBCB008C601A</key>
		<dict>
			<key>fileEncoding</key>
			<string>4</string>
			<key>isa</key>
			<string>PBXFileReference</string>
			<key>lastKnownFileType</key>
			<string>sourcecode.c.h</string>
			<key>path</key>
			<string>RunAnnotationView.h</string>
			<key>sourceTree</key>
			<string>&lt;group&gt;</string>
		</dict>
		<key>B347F9661A14DBCB008C601A</key>
		<dict>
			<key>fileEncoding</key>
			<string>4</string>
			<key>isa</key>
			<string>PBXFileReference</string>
			<key>lastKnownFileType</key>
			<string>sourcecode.c.objc</string>
			<key>path</key>
			<string>RunAnnotationView.m</string>
			<key>sourceTree</key>
			<string>&lt;group&gt;</string>
		</dict>
		<key>B347F9671A14DBCB008C601A</key>
		<dict>
			<key>fileRef</key>
			<string>B347F9661A14DBCB008C601A</string>
			<key>isa</key>
			<string>PBXBuildFile</string>
		</dict>
		<key>B347F9681A14DCB5008C601A</key>
		<dict>
			<key>fileEncoding</key>
			<string>4</string>
			<key>isa</key>
			<string>PBXFileReference</string>
			<key>lastKnownFileType</key>
			<string>sourcecode.c.h</string>
			<key>path</key>
			<string>MKUtil.h</string>
			<key>sourceTree</key>
			<string>&lt;group&gt;</string>
		</dict>
		<key>B347F9691A14DCB5008C601A</key>
		<dict>
			<key>fileEncoding</key>
			<string>4</string>
			<key>isa</key>
			<string>PBXFileReference</string>
			<key>lastKnownFileType</key>
			<string>sourcecode.c.objc</string>
			<key>path</key>
			<string>MKUtil.m</string>
			<key>sourceTree</key>
			<string>&lt;group&gt;</string>
		</dict>
		<key>B347F96A1A14DCB5008C601A</key>
		<dict>
			<key>fileRef</key>
			<string>B347F9691A14DCB5008C601A</string>
			<key>isa</key>
			<string>PBXBuildFile</string>
		</dict>
		<key>B36B75E41A284A3E006101FE</key>
		<dict>
			<key>fileEncoding</key>
			<string>4</string>
			<key>isa</key>
			<string>PBXFileReference</string>
			<key>lastKnownFileType</key>
			<string>net.daringfireball.markdown</string>
			<key>name</key>
			<string>README.md</string>
			<key>path</key>
			<string>../../README.md</string>
			<key>sourceTree</key>
			<string>&lt;group&gt;</string>
		</dict>
		<key>B36B75E51A284A3E006101FE</key>
		<dict>
			<key>fileRef</key>
			<string>B36B75E41A284A3E006101FE</string>
			<key>isa</key>
			<string>PBXBuildFile</string>
		</dict>
		<key>BCCDCFA2098067C6B9AEC5DE</key>
		<dict>
			<key>buildActionMask</key>
			<string>2147483647</string>
			<key>files</key>
			<array/>
			<key>inputPaths</key>
			<array/>
			<key>isa</key>
			<string>PBXShellScriptBuildPhase</string>
			<key>name</key>
			<string>Copy Pods Resources</string>
			<key>outputPaths</key>
			<array/>
			<key>runOnlyForDeploymentPostprocessing</key>
			<string>0</string>
			<key>shellPath</key>
			<string>/bin/sh</string>
			<key>shellScript</key>
			<string>"${SRCROOT}/Pods/Target Support Files/Pods/Pods-resources.sh"
</string>
			<key>showEnvVarsInLog</key>
			<string>0</string>
		</dict>
		<key>C9D2E4801164A9AB3A6152A9</key>
		<dict>
			<key>buildActionMask</key>
			<string>2147483647</string>
			<key>files</key>
			<array/>
			<key>inputPaths</key>
			<array/>
			<key>isa</key>
			<string>PBXShellScriptBuildPhase</string>
			<key>name</key>
			<string>Check Pods Manifest.lock</string>
			<key>outputPaths</key>
			<array/>
			<key>runOnlyForDeploymentPostprocessing</key>
			<string>0</string>
			<key>shellPath</key>
			<string>/bin/sh</string>
			<key>shellScript</key>
			<string>diff "${PODS_ROOT}/../Podfile.lock" "${PODS_ROOT}/Manifest.lock" &gt; /dev/null
if [[ $? != 0 ]] ; then
    cat &lt;&lt; EOM
error: The sandbox is not in sync with the Podfile.lock. Run 'pod install' or update your CocoaPods installation.
EOM
    exit 1
fi
</string>
			<key>showEnvVarsInLog</key>
			<string>0</string>
		</dict>
		<key>ED6F30F6E3327DAD6C24D0B8</key>
		<dict>
			<key>includeInIndex</key>
			<string>1</string>
			<key>isa</key>
			<string>PBXFileReference</string>
			<key>lastKnownFileType</key>
			<string>text.xcconfig</string>
			<key>name</key>
			<string>Pods.release.xcconfig</string>
			<key>path</key>
			<string>Pods/Target Support Files/Pods/Pods.release.xcconfig</string>
			<key>sourceTree</key>
			<string>&lt;group&gt;</string>
		</dict>
	</dict>
	<key>rootObject</key>
	<string>B347F9181A1488D6008C601A</string>
</dict>
</plist>
